
Microsoft Visual Studio Solution File, Format Version 12.00
Project("{FAE04EC0-301F-11D3-BF4B-00C04F79EFBC}") = "Mobile", "Mobile\Mobile.csproj", "{7EDEA95C-CDDA-4861-A9AC-64E71C2AB13F}"
EndProject
Global
	GlobalSection(SolutionConfigurationPlatforms) = preSolution
		Debug|Any CPU = Debug|Any CPU
		Release|Any CPU = Release|Any CPU
	EndGlobalSection
	GlobalSection(ProjectConfigurationPlatforms) = postSolution
		{7EDEA95C-CDDA-4861-A9AC-64E71C2AB13F}.Debug|Any CPU.ActiveCfg = Debug|Any CPU
		{7EDEA95C-CDDA-4861-A9AC-64E71C2AB13F}.Debug|Any CPU.Build.0 = Debug|Any CPU
		{7EDEA95C-CDDA-4861-A9AC-64E71C2AB13F}.Release|Any CPU.ActiveCfg = Release|Any CPU
		{7EDEA95C-CDDA-4861-A9AC-64E71C2AB13F}.Release|Any CPU.Build.0 = Release|Any CPU
	EndGlobalSection
EndGlobal
